// !$*UTF8*$!
{
	archiveVersion = 1;
	classes = {
	};
	objectVersion = 46;
	objects = {

/* Begin PBXBuildFile section */
		19073D9B66D308673469ACE4 /* libPods-Tests.a in Frameworks */ = {isa = PBXBuildFile; fileRef = 090CA0DFFC805B8CCCDDE6EA /* libPods-Tests.a */; };
		6003F58E195388D20070C39A /* Foundation.framework in Frameworks */ = {isa = PBXBuildFile; fileRef = 6003F58D195388D20070C39A /* Foundation.framework */; };
		6003F590195388D20070C39A /* CoreGraphics.framework in Frameworks */ = {isa = PBXBuildFile; fileRef = 6003F58F195388D20070C39A /* CoreGraphics.framework */; };
		6003F592195388D20070C39A /* UIKit.framework in Frameworks */ = {isa = PBXBuildFile; fileRef = 6003F591195388D20070C39A /* UIKit.framework */; };
		6003F598195388D20070C39A /* InfoPlist.strings in Resources */ = {isa = PBXBuildFile; fileRef = 6003F596195388D20070C39A /* InfoPlist.strings */; };
		6003F59A195388D20070C39A /* main.m in Sources */ = {isa = PBXBuildFile; fileRef = 6003F599195388D20070C39A /* main.m */; };
		6003F5B0195388D20070C39A /* XCTest.framework in Frameworks */ = {isa = PBXBuildFile; fileRef = 6003F5AF195388D20070C39A /* XCTest.framework */; };
		6003F5B1195388D20070C39A /* Foundation.framework in Frameworks */ = {isa = PBXBuildFile; fileRef = 6003F58D195388D20070C39A /* Foundation.framework */; };
		6003F5B2195388D20070C39A /* UIKit.framework in Frameworks */ = {isa = PBXBuildFile; fileRef = 6003F591195388D20070C39A /* UIKit.framework */; };
		6003F5BA195388D20070C39A /* InfoPlist.strings in Resources */ = {isa = PBXBuildFile; fileRef = 6003F5B8195388D20070C39A /* InfoPlist.strings */; };
		6003F5BC195388D20070C39A /* Tests.m in Sources */ = {isa = PBXBuildFile; fileRef = 6003F5BB195388D20070C39A /* Tests.m */; };
		CBE6D21C1AAA565600CFFA51 /* CtrlZ-Example-Prefix.pch in Resources */ = {isa = PBXBuildFile; fileRef = 6003F59B195388D20070C39A /* CtrlZ-Example-Prefix.pch */; };
		CBE6D21D1AAA568200CFFA51 /* Main_iPhone.storyboard in Resources */ = {isa = PBXBuildFile; fileRef = 6003F59F195388D20070C39A /* Main_iPhone.storyboard */; };
		CBE6D21E1AAA568200CFFA51 /* Main_iPad.storyboard in Resources */ = {isa = PBXBuildFile; fileRef = 6003F5A2195388D20070C39A /* Main_iPad.storyboard */; };
		CBE6D2221AAA5B8800CFFA51 /* CRZViewController.m in Sources */ = {isa = PBXBuildFile; fileRef = CBE6D2211AAA5B8800CFFA51 /* CRZViewController.m */; };
		CBE6D2251AAA5BEB00CFFA51 /* CRZAppDelegate.m in Sources */ = {isa = PBXBuildFile; fileRef = CBE6D2231AAA5BEB00CFFA51 /* CRZAppDelegate.m */; };
		CBE6D2261AAA5BEB00CFFA51 /* Images.xcassets in Resources */ = {isa = PBXBuildFile; fileRef = CBE6D2241AAA5BEB00CFFA51 /* Images.xcassets */; };
		CBE6D2321AAA78E200CFFA51 /* libPods-CtrlZ-Example-CtrlZ.a in Frameworks */ = {isa = PBXBuildFile; fileRef = CBE6D2301AAA78E200CFFA51 /* libPods-CtrlZ-Example-CtrlZ.a */; };
		CBE6D2331AAA78E200CFFA51 /* libPods-CtrlZ-Example.a in Frameworks */ = {isa = PBXBuildFile; fileRef = CBE6D2311AAA78E200CFFA51 /* libPods-CtrlZ-Example.a */; };
		CBE6D2361AAA7D1500CFFA51 /* CRZMessagePostedVC.m in Sources */ = {isa = PBXBuildFile; fileRef = CBE6D2351AAA7D1500CFFA51 /* CRZMessagePostedVC.m */; };
/* End PBXBuildFile section */

/* Begin PBXContainerItemProxy section */
		6003F5B3195388D20070C39A /* PBXContainerItemProxy */ = {
			isa = PBXContainerItemProxy;
			containerPortal = 6003F582195388D10070C39A /* Project object */;
			proxyType = 1;
			remoteGlobalIDString = 6003F589195388D20070C39A;
			remoteInfo = CtrlZ;
		};
/* End PBXContainerItemProxy section */

/* Begin PBXFileReference section */
		090CA0DFFC805B8CCCDDE6EA /* libPods-Tests.a */ = {isa = PBXFileReference; explicitFileType = archive.ar; includeInIndex = 0; path = "libPods-Tests.a"; sourceTree = BUILT_PRODUCTS_DIR; };
		0CA7B147BD70C7DB9BA0AAE0 /* README.md */ = {isa = PBXFileReference; includeInIndex = 1; lastKnownFileType = net.daringfireball.markdown; name = README.md; path = ../README.md; sourceTree = "<group>"; };
		0F9077FBC92E4B9F4C70569D /* libPods-CtrlZ-Example.a */ = {isa = PBXFileReference; explicitFileType = archive.ar; includeInIndex = 0; path = "libPods-CtrlZ-Example.a"; sourceTree = BUILT_PRODUCTS_DIR; };
		15A99D4BA129F6CA3938F6E9 /* CtrlZ.podspec */ = {isa = PBXFileReference; includeInIndex = 1; lastKnownFileType = text; name = CtrlZ.podspec; path = ../CtrlZ.podspec; sourceTree = "<group>"; };
		2AD2041C20CAD4516F96F20F /* Pods-Tests.debug.xcconfig */ = {isa = PBXFileReference; includeInIndex = 1; lastKnownFileType = text.xcconfig; name = "Pods-Tests.debug.xcconfig"; path = "Pods/Target Support Files/Pods-Tests/Pods-Tests.debug.xcconfig"; sourceTree = "<group>"; };
		58103FAB3F5CE7370C505707 /* Pods-CtrlZ-Example.debug.xcconfig */ = {isa = PBXFileReference; includeInIndex = 1; lastKnownFileType = text.xcconfig; name = "Pods-CtrlZ-Example.debug.xcconfig"; path = "Pods/Target Support Files/Pods-CtrlZ-Example/Pods-CtrlZ-Example.debug.xcconfig"; sourceTree = "<group>"; };
		6003F58A195388D20070C39A /* CtrlZ-Example.app */ = {isa = PBXFileReference; explicitFileType = wrapper.application; includeInIndex = 0; path = "CtrlZ-Example.app"; sourceTree = BUILT_PRODUCTS_DIR; };
		6003F58D195388D20070C39A /* Foundation.framework */ = {isa = PBXFileReference; lastKnownFileType = wrapper.framework; name = Foundation.framework; path = System/Library/Frameworks/Foundation.framework; sourceTree = SDKROOT; };
		6003F58F195388D20070C39A /* CoreGraphics.framework */ = {isa = PBXFileReference; lastKnownFileType = wrapper.framework; name = CoreGraphics.framework; path = System/Library/Frameworks/CoreGraphics.framework; sourceTree = SDKROOT; };
		6003F591195388D20070C39A /* UIKit.framework */ = {isa = PBXFileReference; lastKnownFileType = wrapper.framework; name = UIKit.framework; path = System/Library/Frameworks/UIKit.framework; sourceTree = SDKROOT; };
		6003F595195388D20070C39A /* CtrlZ-Example-Info.plist */ = {isa = PBXFileReference; lastKnownFileType = text.plist.xml; name = "CtrlZ-Example-Info.plist"; path = "../CtrlZ-Example/CtrlZ-Example-Info.plist"; sourceTree = "<group>"; };
		6003F597195388D20070C39A /* en */ = {isa = PBXFileReference; lastKnownFileType = text.plist.strings; name = en; path = en.lproj/InfoPlist.strings; sourceTree = "<group>"; };
		6003F599195388D20070C39A /* main.m */ = {isa = PBXFileReference; lastKnownFileType = sourcecode.c.objc; name = main.m; path = "../CtrlZ-Example/main.m"; sourceTree = "<group>"; };
		6003F59B195388D20070C39A /* CtrlZ-Example-Prefix.pch */ = {isa = PBXFileReference; lastKnownFileType = sourcecode.c.h; name = "CtrlZ-Example-Prefix.pch"; path = "../CtrlZ-Example/CtrlZ-Example-Prefix.pch"; sourceTree = "<group>"; };
		6003F5A0195388D20070C39A /* Base */ = {isa = PBXFileReference; lastKnownFileType = file.storyboard; name = Base; path = Base.lproj/Main_iPhone.storyboard; sourceTree = "<group>"; };
		6003F5A3195388D20070C39A /* Base */ = {isa = PBXFileReference; lastKnownFileType = file.storyboard; name = Base; path = Base.lproj/Main_iPad.storyboard; sourceTree = "<group>"; };
		6003F5AE195388D20070C39A /* Tests.xctest */ = {isa = PBXFileReference; explicitFileType = wrapper.cfbundle; includeInIndex = 0; path = Tests.xctest; sourceTree = BUILT_PRODUCTS_DIR; };
		6003F5AF195388D20070C39A /* XCTest.framework */ = {isa = PBXFileReference; lastKnownFileType = wrapper.framework; name = XCTest.framework; path = Library/Frameworks/XCTest.framework; sourceTree = DEVELOPER_DIR; };
		6003F5B7195388D20070C39A /* Tests-Info.plist */ = {isa = PBXFileReference; lastKnownFileType = text.plist.xml; path = "Tests-Info.plist"; sourceTree = "<group>"; };
		6003F5B9195388D20070C39A /* en */ = {isa = PBXFileReference; lastKnownFileType = text.plist.strings; name = en; path = en.lproj/InfoPlist.strings; sourceTree = "<group>"; };
		6003F5BB195388D20070C39A /* Tests.m */ = {isa = PBXFileReference; lastKnownFileType = sourcecode.c.objc; path = Tests.m; sourceTree = "<group>"; };
		606FC2411953D9B200FFA9A0 /* Tests-Prefix.pch */ = {isa = PBXFileReference; lastKnownFileType = sourcecode.c.h; path = "Tests-Prefix.pch"; sourceTree = "<group>"; };
		7CEDFD1F2C75A338511815B3 /* Pods-CtrlZ.release.xcconfig */ = {isa = PBXFileReference; includeInIndex = 1; lastKnownFileType = text.xcconfig; name = "Pods-CtrlZ.release.xcconfig"; path = "Pods/Target Support Files/Pods-CtrlZ/Pods-CtrlZ.release.xcconfig"; sourceTree = "<group>"; };
		9A9F55A0149B825FE3113619 /* Pods-CtrlZ.debug.xcconfig */ = {isa = PBXFileReference; includeInIndex = 1; lastKnownFileType = text.xcconfig; name = "Pods-CtrlZ.debug.xcconfig"; path = "Pods/Target Support Files/Pods-CtrlZ/Pods-CtrlZ.debug.xcconfig"; sourceTree = "<group>"; };
		C2B8FEE8C407DE28AAC3CA15 /* Pods-Tests.release.xcconfig */ = {isa = PBXFileReference; includeInIndex = 1; lastKnownFileType = text.xcconfig; name = "Pods-Tests.release.xcconfig"; path = "Pods/Target Support Files/Pods-Tests/Pods-Tests.release.xcconfig"; sourceTree = "<group>"; };
		CB40ECE11AAA3B2700F01A37 /* libPods-CtrlZ-Example-CtrlZ.a */ = {isa = PBXFileReference; lastKnownFileType = archive.ar; name = "libPods-CtrlZ-Example-CtrlZ.a"; path = "Pods/build/Debug-iphoneos/libPods-CtrlZ-Example-CtrlZ.a"; sourceTree = "<group>"; };
		CBE6D21F1AAA5B8800CFFA51 /* CRZAppDelegate.h */ = {isa = PBXFileReference; fileEncoding = 4; lastKnownFileType = sourcecode.c.h; name = CRZAppDelegate.h; path = "CtrlZ-Example/CRZAppDelegate.h"; sourceTree = SOURCE_ROOT; };
		CBE6D2201AAA5B8800CFFA51 /* CRZViewController.h */ = {isa = PBXFileReference; fileEncoding = 4; lastKnownFileType = sourcecode.c.h; name = CRZViewController.h; path = "CtrlZ-Example/CRZViewController.h"; sourceTree = SOURCE_ROOT; };
		CBE6D2211AAA5B8800CFFA51 /* CRZViewController.m */ = {isa = PBXFileReference; fileEncoding = 4; lastKnownFileType = sourcecode.c.objc; name = CRZViewController.m; path = "CtrlZ-Example/CRZViewController.m"; sourceTree = SOURCE_ROOT; };
		CBE6D2231AAA5BEB00CFFA51 /* CRZAppDelegate.m */ = {isa = PBXFileReference; fileEncoding = 4; lastKnownFileType = sourcecode.c.objc; path = CRZAppDelegate.m; sourceTree = "<group>"; };
		CBE6D2241AAA5BEB00CFFA51 /* Images.xcassets */ = {isa = PBXFileReference; lastKnownFileType = folder.assetcatalog; path = Images.xcassets; sourceTree = "<group>"; };
		CBE6D2271AAA63AC00CFFA51 /* libPods-CtrlZ-Example-CtrlZ.a */ = {isa = PBXFileReference; lastKnownFileType = archive.ar; name = "libPods-CtrlZ-Example-CtrlZ.a"; path = "Pods/build/Debug-iphoneos/libPods-CtrlZ-Example-CtrlZ.a"; sourceTree = "<group>"; };
		CBE6D2291AAA63BC00CFFA51 /* libPods-CtrlZ-Example-CtrlZ.a */ = {isa = PBXFileReference; lastKnownFileType = archive.ar; name = "libPods-CtrlZ-Example-CtrlZ.a"; path = "Pods/build/Debug-iphoneos/libPods-CtrlZ-Example-CtrlZ.a"; sourceTree = "<group>"; };
		CBE6D22A1AAA63BC00CFFA51 /* libPods-CtrlZ-Example.a */ = {isa = PBXFileReference; lastKnownFileType = archive.ar; name = "libPods-CtrlZ-Example.a"; path = "Pods/build/Debug-iphoneos/libPods-CtrlZ-Example.a"; sourceTree = "<group>"; };
		CBE6D2301AAA78E200CFFA51 /* libPods-CtrlZ-Example-CtrlZ.a */ = {isa = PBXFileReference; lastKnownFileType = archive.ar; name = "libPods-CtrlZ-Example-CtrlZ.a"; path = "Pods/build/Debug-iphoneos/libPods-CtrlZ-Example-CtrlZ.a"; sourceTree = "<group>"; };
		CBE6D2311AAA78E200CFFA51 /* libPods-CtrlZ-Example.a */ = {isa = PBXFileReference; lastKnownFileType = archive.ar; name = "libPods-CtrlZ-Example.a"; path = "Pods/build/Debug-iphoneos/libPods-CtrlZ-Example.a"; sourceTree = "<group>"; };
		CBE6D2341AAA7D1500CFFA51 /* CRZMessagePostedVC.h */ = {isa = PBXFileReference; fileEncoding = 4; lastKnownFileType = sourcecode.c.h; path = CRZMessagePostedVC.h; sourceTree = "<group>"; };
		CBE6D2351AAA7D1500CFFA51 /* CRZMessagePostedVC.m */ = {isa = PBXFileReference; fileEncoding = 4; lastKnownFileType = sourcecode.c.objc; path = CRZMessagePostedVC.m; sourceTree = "<group>"; };
		DFFBD8B75770642BB17883E9 /* Pods-CtrlZ-Example.release.xcconfig */ = {isa = PBXFileReference; includeInIndex = 1; lastKnownFileType = text.xcconfig; name = "Pods-CtrlZ-Example.release.xcconfig"; path = "Pods/Target Support Files/Pods-CtrlZ-Example/Pods-CtrlZ-Example.release.xcconfig"; sourceTree = "<group>"; };
		E4DEC74FAC1C206238F0EB0E /* libPods-CtrlZ.a */ = {isa = PBXFileReference; explicitFileType = archive.ar; includeInIndex = 0; path = "libPods-CtrlZ.a"; sourceTree = BUILT_PRODUCTS_DIR; };
		FD922FA044503FD559CB5435 /* LICENSE */ = {isa = PBXFileReference; includeInIndex = 1; lastKnownFileType = text; name = LICENSE; path = ../LICENSE; sourceTree = "<group>"; };
/* End PBXFileReference section */

/* Begin PBXFrameworksBuildPhase section */
		6003F587195388D20070C39A /* Frameworks */ = {
			isa = PBXFrameworksBuildPhase;
			buildActionMask = 2147483647;
			files = (
				CBE6D2321AAA78E200CFFA51 /* libPods-CtrlZ-Example-CtrlZ.a in Frameworks */,
				CBE6D2331AAA78E200CFFA51 /* libPods-CtrlZ-Example.a in Frameworks */,
				6003F590195388D20070C39A /* CoreGraphics.framework in Frameworks */,
				6003F592195388D20070C39A /* UIKit.framework in Frameworks */,
				6003F58E195388D20070C39A /* Foundation.framework in Frameworks */,
			);
			runOnlyForDeploymentPostprocessing = 0;
		};
		6003F5AB195388D20070C39A /* Frameworks */ = {
			isa = PBXFrameworksBuildPhase;
			buildActionMask = 2147483647;
			files = (
				6003F5B0195388D20070C39A /* XCTest.framework in Frameworks */,
				6003F5B2195388D20070C39A /* UIKit.framework in Frameworks */,
				6003F5B1195388D20070C39A /* Foundation.framework in Frameworks */,
				19073D9B66D308673469ACE4 /* libPods-Tests.a in Frameworks */,
			);
			runOnlyForDeploymentPostprocessing = 0;
		};
/* End PBXFrameworksBuildPhase section */

/* Begin PBXGroup section */
		6003F581195388D10070C39A = {
			isa = PBXGroup;
			children = (
				60FF7A9C1954A5C5007DD14C /* Podspec Metadata */,
				6003F593195388D20070C39A /* CtrlZ-Example */,
				6003F5B5195388D20070C39A /* Tests */,
				6003F58C195388D20070C39A /* Frameworks */,
				6003F58B195388D20070C39A /* Products */,
				7E1FFCA1299B106C58C02695 /* Pods */,
			);
			sourceTree = "<group>";
		};
		6003F58B195388D20070C39A /* Products */ = {
			isa = PBXGroup;
			children = (
				6003F58A195388D20070C39A /* CtrlZ-Example.app */,
				6003F5AE195388D20070C39A /* Tests.xctest */,
			);
			name = Products;
			sourceTree = "<group>";
		};
		6003F58C195388D20070C39A /* Frameworks */ = {
			isa = PBXGroup;
			children = (
				CBE6D2301AAA78E200CFFA51 /* libPods-CtrlZ-Example-CtrlZ.a */,
				CBE6D2311AAA78E200CFFA51 /* libPods-CtrlZ-Example.a */,
				CBE6D2291AAA63BC00CFFA51 /* libPods-CtrlZ-Example-CtrlZ.a */,
				CBE6D22A1AAA63BC00CFFA51 /* libPods-CtrlZ-Example.a */,
				CBE6D2271AAA63AC00CFFA51 /* libPods-CtrlZ-Example-CtrlZ.a */,
				CB40ECE11AAA3B2700F01A37 /* libPods-CtrlZ-Example-CtrlZ.a */,
				6003F58D195388D20070C39A /* Foundation.framework */,
				6003F58F195388D20070C39A /* CoreGraphics.framework */,
				6003F591195388D20070C39A /* UIKit.framework */,
				6003F5AF195388D20070C39A /* XCTest.framework */,
				E4DEC74FAC1C206238F0EB0E /* libPods-CtrlZ.a */,
				090CA0DFFC805B8CCCDDE6EA /* libPods-Tests.a */,
				0F9077FBC92E4B9F4C70569D /* libPods-CtrlZ-Example.a */,
			);
			name = Frameworks;
			sourceTree = "<group>";
		};
		6003F593195388D20070C39A /* CtrlZ-Example */ = {
			isa = PBXGroup;
			children = (
				CBE6D21F1AAA5B8800CFFA51 /* CRZAppDelegate.h */,
				CBE6D2231AAA5BEB00CFFA51 /* CRZAppDelegate.m */,
				6003F59F195388D20070C39A /* Main_iPhone.storyboard */,
				6003F5A2195388D20070C39A /* Main_iPad.storyboard */,
				CBE6D2201AAA5B8800CFFA51 /* CRZViewController.h */,
				CBE6D2211AAA5B8800CFFA51 /* CRZViewController.m */,
				CBE6D2341AAA7D1500CFFA51 /* CRZMessagePostedVC.h */,
				CBE6D2351AAA7D1500CFFA51 /* CRZMessagePostedVC.m */,
				CBE6D2241AAA5BEB00CFFA51 /* Images.xcassets */,
				6003F594195388D20070C39A /* Supporting Files */,
			);
			path = "CtrlZ-Example";
			sourceTree = "<group>";
		};
		6003F594195388D20070C39A /* Supporting Files */ = {
			isa = PBXGroup;
			children = (
				6003F595195388D20070C39A /* CtrlZ-Example-Info.plist */,
				6003F596195388D20070C39A /* InfoPlist.strings */,
				6003F599195388D20070C39A /* main.m */,
				6003F59B195388D20070C39A /* CtrlZ-Example-Prefix.pch */,
			);
			name = "Supporting Files";
			sourceTree = "<group>";
		};
		6003F5B5195388D20070C39A /* Tests */ = {
			isa = PBXGroup;
			children = (
				6003F5BB195388D20070C39A /* Tests.m */,
				6003F5B6195388D20070C39A /* Supporting Files */,
			);
			path = Tests;
			sourceTree = "<group>";
		};
		6003F5B6195388D20070C39A /* Supporting Files */ = {
			isa = PBXGroup;
			children = (
				6003F5B7195388D20070C39A /* Tests-Info.plist */,
				6003F5B8195388D20070C39A /* InfoPlist.strings */,
				606FC2411953D9B200FFA9A0 /* Tests-Prefix.pch */,
			);
			name = "Supporting Files";
			sourceTree = "<group>";
		};
		60FF7A9C1954A5C5007DD14C /* Podspec Metadata */ = {
			isa = PBXGroup;
			children = (
				15A99D4BA129F6CA3938F6E9 /* CtrlZ.podspec */,
				0CA7B147BD70C7DB9BA0AAE0 /* README.md */,
				FD922FA044503FD559CB5435 /* LICENSE */,
			);
			name = "Podspec Metadata";
			sourceTree = "<group>";
		};
		7E1FFCA1299B106C58C02695 /* Pods */ = {
			isa = PBXGroup;
			children = (
				9A9F55A0149B825FE3113619 /* Pods-CtrlZ.debug.xcconfig */,
				7CEDFD1F2C75A338511815B3 /* Pods-CtrlZ.release.xcconfig */,
				2AD2041C20CAD4516F96F20F /* Pods-Tests.debug.xcconfig */,
				C2B8FEE8C407DE28AAC3CA15 /* Pods-Tests.release.xcconfig */,
				DFFBD8B75770642BB17883E9 /* Pods-CtrlZ-Example.release.xcconfig */,
				58103FAB3F5CE7370C505707 /* Pods-CtrlZ-Example.debug.xcconfig */,
			);
			name = Pods;
			sourceTree = "<group>";
		};
/* End PBXGroup section */

/* Begin PBXNativeTarget section */
		6003F589195388D20070C39A /* CtrlZ-Example */ = {
			isa = PBXNativeTarget;
			buildConfigurationList = 6003F5BF195388D20070C39A /* Build configuration list for PBXNativeTarget "CtrlZ-Example" */;
			buildPhases = (
				66729A99FF44C37C20BEB6D5 /* Check Pods Manifest.lock */,
				6003F586195388D20070C39A /* Sources */,
				6003F587195388D20070C39A /* Frameworks */,
				6003F588195388D20070C39A /* Resources */,
				71719372257FE3329A7C5883 /* Copy Pods Resources */,
			);
			buildRules = (
			);
			dependencies = (
			);
			name = "CtrlZ-Example";
			productName = CtrlZ;
			productReference = 6003F58A195388D20070C39A /* CtrlZ-Example.app */;
			productType = "com.apple.product-type.application";
		};
		6003F5AD195388D20070C39A /* Tests */ = {
			isa = PBXNativeTarget;
			buildConfigurationList = 6003F5C2195388D20070C39A /* Build configuration list for PBXNativeTarget "Tests" */;
			buildPhases = (
				F466E678AD517BD00AADB6CA /* Check Pods Manifest.lock */,
				6003F5AA195388D20070C39A /* Sources */,
				6003F5AB195388D20070C39A /* Frameworks */,
				6003F5AC195388D20070C39A /* Resources */,
				2A416FE94616A7CD4C5D8B29 /* Copy Pods Resources */,
			);
			buildRules = (
			);
			dependencies = (
				6003F5B4195388D20070C39A /* PBXTargetDependency */,
			);
			name = Tests;
			productName = CtrlZTests;
			productReference = 6003F5AE195388D20070C39A /* Tests.xctest */;
			productType = "com.apple.product-type.bundle.unit-test";
		};
/* End PBXNativeTarget section */

/* Begin PBXProject section */
		6003F582195388D10070C39A /* Project object */ = {
			isa = PBXProject;
			attributes = {
				CLASSPREFIX = CRZ;
				LastUpgradeCheck = 0510;
				ORGANIZATIONNAME = "spencer poff";
				TargetAttributes = {
					6003F5AD195388D20070C39A = {
						TestTargetID = 6003F589195388D20070C39A;
					};
				};
			};
			buildConfigurationList = 6003F585195388D10070C39A /* Build configuration list for PBXProject "CtrlZ-Example" */;
			compatibilityVersion = "Xcode 3.2";
			developmentRegion = English;
			hasScannedForEncodings = 0;
			knownRegions = (
				en,
				Base,
			);
			mainGroup = 6003F581195388D10070C39A;
			productRefGroup = 6003F58B195388D20070C39A /* Products */;
			projectDirPath = "";
			projectRoot = "";
			targets = (
				6003F589195388D20070C39A /* CtrlZ-Example */,
				6003F5AD195388D20070C39A /* Tests */,
			);
		};
/* End PBXProject section */

/* Begin PBXResourcesBuildPhase section */
		6003F588195388D20070C39A /* Resources */ = {
			isa = PBXResourcesBuildPhase;
			buildActionMask = 2147483647;
			files = (
				CBE6D21D1AAA568200CFFA51 /* Main_iPhone.storyboard in Resources */,
				CBE6D21E1AAA568200CFFA51 /* Main_iPad.storyboard in Resources */,
				CBE6D21C1AAA565600CFFA51 /* CtrlZ-Example-Prefix.pch in Resources */,
				CBE6D2261AAA5BEB00CFFA51 /* Images.xcassets in Resources */,
				6003F598195388D20070C39A /* InfoPlist.strings in Resources */,
			);
			runOnlyForDeploymentPostprocessing = 0;
		};
		6003F5AC195388D20070C39A /* Resources */ = {
			isa = PBXResourcesBuildPhase;
			buildActionMask = 2147483647;
			files = (
				6003F5BA195388D20070C39A /* InfoPlist.strings in Resources */,
			);
			runOnlyForDeploymentPostprocessing = 0;
		};
/* End PBXResourcesBuildPhase section */

/* Begin PBXShellScriptBuildPhase section */
		2A416FE94616A7CD4C5D8B29 /* Copy Pods Resources */ = {
			isa = PBXShellScriptBuildPhase;
			buildActionMask = 2147483647;
			files = (
			);
			inputPaths = (
			);
			name = "Copy Pods Resources";
			outputPaths = (
			);
			runOnlyForDeploymentPostprocessing = 0;
			shellPath = /bin/sh;
			shellScript = "\"${SRCROOT}/Pods/Target Support Files/Pods-Tests/Pods-Tests-resources.sh\"\n";
			showEnvVarsInLog = 0;
		};
		66729A99FF44C37C20BEB6D5 /* Check Pods Manifest.lock */ = {
			isa = PBXShellScriptBuildPhase;
			buildActionMask = 2147483647;
			files = (
			);
			inputPaths = (
			);
			name = "Check Pods Manifest.lock";
			outputPaths = (
			);
			runOnlyForDeploymentPostprocessing = 0;
			shellPath = /bin/sh;
			shellScript = "diff \"${PODS_ROOT}/../Podfile.lock\" \"${PODS_ROOT}/Manifest.lock\" > /dev/null\nif [[ $? != 0 ]] ; then\n    cat << EOM\nerror: The sandbox is not in sync with the Podfile.lock. Run 'pod install' or update your CocoaPods installation.\nEOM\n    exit 1\nfi\n";
			showEnvVarsInLog = 0;
		};
		71719372257FE3329A7C5883 /* Copy Pods Resources */ = {
			isa = PBXShellScriptBuildPhase;
			buildActionMask = 2147483647;
			files = (
			);
			inputPaths = (
			);
			name = "Copy Pods Resources";
			outputPaths = (
			);
			runOnlyForDeploymentPostprocessing = 0;
			shellPath = /bin/sh;
			shellScript = "\"${SRCROOT}/Pods/Target Support Files/Pods-CtrlZ-Example/Pods-CtrlZ-Example-resources.sh\"\n";
			showEnvVarsInLog = 0;
		};
		F466E678AD517BD00AADB6CA /* Check Pods Manifest.lock */ = {
			isa = PBXShellScriptBuildPhase;
			buildActionMask = 2147483647;
			files = (
			);
			inputPaths = (
			);
			name = "Check Pods Manifest.lock";
			outputPaths = (
			);
			runOnlyForDeploymentPostprocessing = 0;
			shellPath = /bin/sh;
			shellScript = "diff \"${PODS_ROOT}/../Podfile.lock\" \"${PODS_ROOT}/Manifest.lock\" > /dev/null\nif [[ $? != 0 ]] ; then\n    cat << EOM\nerror: The sandbox is not in sync with the Podfile.lock. Run 'pod install' or update your CocoaPods installation.\nEOM\n    exit 1\nfi\n";
			showEnvVarsInLog = 0;
		};
/* End PBXShellScriptBuildPhase section */

/* Begin PBXSourcesBuildPhase section */
		6003F586195388D20070C39A /* Sources */ = {
			isa = PBXSourcesBuildPhase;
			buildActionMask = 2147483647;
			files = (
				CBE6D2221AAA5B8800CFFA51 /* CRZViewController.m in Sources */,
				6003F59A195388D20070C39A /* main.m in Sources */,
				CBE6D2251AAA5BEB00CFFA51 /* CRZAppDelegate.m in Sources */,
				CBE6D2361AAA7D1500CFFA51 /* CRZMessagePostedVC.m in Sources */,
			);
			runOnlyForDeploymentPostprocessing = 0;
		};
		6003F5AA195388D20070C39A /* Sources */ = {
			isa = PBXSourcesBuildPhase;
			buildActionMask = 2147483647;
			files = (
				6003F5BC195388D20070C39A /* Tests.m in Sources */,
			);
			runOnlyForDeploymentPostprocessing = 0;
		};
/* End PBXSourcesBuildPhase section */

/* Begin PBXTargetDependency section */
		6003F5B4195388D20070C39A /* PBXTargetDependency */ = {
			isa = PBXTargetDependency;
			target = 6003F589195388D20070C39A /* CtrlZ-Example */;
			targetProxy = 6003F5B3195388D20070C39A /* PBXContainerItemProxy */;
		};
/* End PBXTargetDependency section */

/* Begin PBXVariantGroup section */
		6003F596195388D20070C39A /* InfoPlist.strings */ = {
			isa = PBXVariantGroup;
			children = (
				6003F597195388D20070C39A /* en */,
			);
			name = InfoPlist.strings;
			path = "../CtrlZ-Example";
			sourceTree = "<group>";
		};
		6003F59F195388D20070C39A /* Main_iPhone.storyboard */ = {
			isa = PBXVariantGroup;
			children = (
				6003F5A0195388D20070C39A /* Base */,
			);
			name = Main_iPhone.storyboard;
			path = "../CtrlZ-Example";
			sourceTree = "<group>";
		};
		6003F5A2195388D20070C39A /* Main_iPad.storyboard */ = {
			isa = PBXVariantGroup;
			children = (
				6003F5A3195388D20070C39A /* Base */,
			);
			name = Main_iPad.storyboard;
			path = "../CtrlZ-Example";
			sourceTree = "<group>";
		};
		6003F5B8195388D20070C39A /* InfoPlist.strings */ = {
			isa = PBXVariantGroup;
			children = (
				6003F5B9195388D20070C39A /* en */,
			);
			name = InfoPlist.strings;
			sourceTree = "<group>";
		};
/* End PBXVariantGroup section */

/* Begin XCBuildConfiguration section */
		6003F5BE195388D20070C39A /* Release */ = {
			isa = XCBuildConfiguration;
			buildSettings = {
				ALWAYS_SEARCH_USER_PATHS = NO;
				CLANG_CXX_LANGUAGE_STANDARD = "gnu++0x";
				CLANG_CXX_LIBRARY = "libc++";
				CLANG_ENABLE_MODULES = YES;
				CLANG_ENABLE_OBJC_ARC = YES;
				CLANG_WARN_BOOL_CONVERSION = YES;
				CLANG_WARN_CONSTANT_CONVERSION = YES;
				CLANG_WARN_DIRECT_OBJC_ISA_USAGE = YES_ERROR;
				CLANG_WARN_EMPTY_BODY = YES;
				CLANG_WARN_ENUM_CONVERSION = YES;
				CLANG_WARN_INT_CONVERSION = YES;
				CLANG_WARN_OBJC_ROOT_CLASS = YES_ERROR;
				CLANG_WARN__DUPLICATE_METHOD_MATCH = YES;
				"CODE_SIGN_IDENTITY[sdk=iphoneos*]" = "iPhone Developer";
				COPY_PHASE_STRIP = YES;
				ENABLE_NS_ASSERTIONS = NO;
				GCC_C_LANGUAGE_STANDARD = gnu99;
				GCC_WARN_64_TO_32_BIT_CONVERSION = YES;
				GCC_WARN_ABOUT_RETURN_TYPE = YES_ERROR;
				GCC_WARN_UNDECLARED_SELECTOR = YES;
				GCC_WARN_UNINITIALIZED_AUTOS = YES_AGGRESSIVE;
				GCC_WARN_UNUSED_FUNCTION = YES;
				GCC_WARN_UNUSED_VARIABLE = YES;
				IPHONEOS_DEPLOYMENT_TARGET = 7.1;
				SDKROOT = iphoneos;
				TARGETED_DEVICE_FAMILY = "1,2";
				VALIDATE_PRODUCT = YES;
			};
			name = Release;
		};
		6003F5C1195388D20070C39A /* Release */ = {
			isa = XCBuildConfiguration;
			baseConfigurationReference = DFFBD8B75770642BB17883E9 /* Pods-CtrlZ-Example.release.xcconfig */;
			buildSettings = {
				ASSETCATALOG_COMPILER_APPICON_NAME = AppIcon;
				ASSETCATALOG_COMPILER_LAUNCHIMAGE_NAME = LaunchImage;
				GCC_PRECOMPILE_PREFIX_HEADER = YES;
				GCC_PREFIX_HEADER = "CtrlZ-Example/CtrlZ-Example-Prefix.pch";
				INFOPLIST_FILE = "$(SRCROOT)/CtrlZ-Example/CtrlZ-Example-Info.plist";
				LIBRARY_SEARCH_PATHS = (
					"$(inherited)",
					"$(PROJECT_DIR)/Pods/build/Debug-iphoneos",
				);
				PRODUCT_NAME = "CtrlZ-Example";
				WRAPPER_EXTENSION = app;
			};
			name = Release;
		};
		6003F5C4195388D20070C39A /* Release */ = {
			isa = XCBuildConfiguration;
			baseConfigurationReference = C2B8FEE8C407DE28AAC3CA15 /* Pods-Tests.release.xcconfig */;
			buildSettings = {
				BUNDLE_LOADER = "$(TEST_HOST)";
				FRAMEWORK_SEARCH_PATHS = (
					"$(SDKROOT)/Developer/Library/Frameworks",
					"$(inherited)",
					"$(DEVELOPER_FRAMEWORKS_DIR)",
				);
				GCC_PRECOMPILE_PREFIX_HEADER = YES;
				GCC_PREFIX_HEADER = "Tests/Tests-Prefix.pch";
				INFOPLIST_FILE = "Tests/Tests-Info.plist";
				PRODUCT_NAME = "$(TARGET_NAME)";
				TEST_HOST = "$(BUILT_PRODUCTS_DIR)/CtrlZ-Example.app/CtrlZ-Example";
				WRAPPER_EXTENSION = xctest;
			};
			name = Release;
		};
		CB40ECDE1AAA3A9400F01A37 /* Debug */ = {
			isa = XCBuildConfiguration;
			buildSettings = {
				ALWAYS_SEARCH_USER_PATHS = NO;
				CLANG_CXX_LANGUAGE_STANDARD = "gnu++0x";
				CLANG_CXX_LIBRARY = "libc++";
				CLANG_ENABLE_MODULES = YES;
				CLANG_ENABLE_OBJC_ARC = YES;
				CLANG_WARN_BOOL_CONVERSION = YES;
				CLANG_WARN_CONSTANT_CONVERSION = YES;
				CLANG_WARN_DIRECT_OBJC_ISA_USAGE = YES_ERROR;
				CLANG_WARN_EMPTY_BODY = YES;
				CLANG_WARN_ENUM_CONVERSION = YES;
				CLANG_WARN_INT_CONVERSION = YES;
				CLANG_WARN_OBJC_ROOT_CLASS = YES_ERROR;
				CLANG_WARN__DUPLICATE_METHOD_MATCH = YES;
				"CODE_SIGN_IDENTITY[sdk=iphoneos*]" = "iPhone Developer";
				COPY_PHASE_STRIP = YES;
				ENABLE_NS_ASSERTIONS = NO;
				GCC_C_LANGUAGE_STANDARD = gnu99;
				GCC_WARN_64_TO_32_BIT_CONVERSION = YES;
				GCC_WARN_ABOUT_RETURN_TYPE = YES_ERROR;
				GCC_WARN_UNDECLARED_SELECTOR = YES;
				GCC_WARN_UNINITIALIZED_AUTOS = YES_AGGRESSIVE;
				GCC_WARN_UNUSED_FUNCTION = YES;
				GCC_WARN_UNUSED_VARIABLE = YES;
				IPHONEOS_DEPLOYMENT_TARGET = 7.1;
				SDKROOT = iphoneos;
				TARGETED_DEVICE_FAMILY = "1,2";
				VALIDATE_PRODUCT = YES;
			};
			name = Debug;
		};
		CB40ECDF1AAA3A9400F01A37 /* Debug */ = {
			isa = XCBuildConfiguration;
			baseConfigurationReference = 58103FAB3F5CE7370C505707 /* Pods-CtrlZ-Example.debug.xcconfig */;
			buildSettings = {
				ASSETCATALOG_COMPILER_APPICON_NAME = AppIcon;
				ASSETCATALOG_COMPILER_LAUNCHIMAGE_NAME = LaunchImage;
				GCC_PRECOMPILE_PREFIX_HEADER = YES;
				GCC_PREFIX_HEADER = "CtrlZ-Example/CtrlZ-Example-Prefix.pch";
				INFOPLIST_FILE = "$(SRCROOT)/CtrlZ-Example/CtrlZ-Example-Info.plist";
				LIBRARY_SEARCH_PATHS = (
					"$(inherited)",
					"$(PROJECT_DIR)/Pods/build/Debug-iphoneos",
				);
				PRODUCT_NAME = "CtrlZ-Example";
				WRAPPER_EXTENSION = app;
			};
			name = Debug;
		};
		CB40ECE01AAA3A9400F01A37 /* Debug */ = {
			isa = XCBuildConfiguration;
			baseConfigurationReference = 2AD2041C20CAD4516F96F20F /* Pods-Tests.debug.xcconfig */;
			buildSettings = {
				BUNDLE_LOADER = "$(TEST_HOST)";
				FRAMEWORK_SEARCH_PATHS = (
					"$(SDKROOT)/Developer/Library/Frameworks",
					"$(inherited)",
					"$(DEVELOPER_FRAMEWORKS_DIR)",
				);
				GCC_PRECOMPILE_PREFIX_HEADER = YES;
				GCC_PREFIX_HEADER = "Tests/Tests-Prefix.pch";
				INFOPLIST_FILE = "Tests/Tests-Info.plist";
				PRODUCT_NAME = "$(TARGET_NAME)";
				TEST_HOST = "$(BUILT_PRODUCTS_DIR)/CtrlZ-Example.app/CtrlZ-Example";
				WRAPPER_EXTENSION = xctest;
			};
			name = Debug;
		};
/* End XCBuildConfiguration section */

/* Begin XCConfigurationList section */
		6003F585195388D10070C39A /* Build configuration list for PBXProject "CtrlZ-Example" */ = {
			isa = XCConfigurationList;
			buildConfigurations = (
				6003F5BE195388D20070C39A /* Release */,
				CB40ECDE1AAA3A9400F01A37 /* Debug */,
			);
			defaultConfigurationIsVisible = 0;
			defaultConfigurationName = Release;
		};
		6003F5BF195388D20070C39A /* Build configuration list for PBXNativeTarget "CtrlZ-Example" */ = {
			isa = XCConfigurationList;
			buildConfigurations = (
				6003F5C1195388D20070C39A /* Release */,
				CB40ECDF1AAA3A9400F01A37 /* Debug */,
			);
			defaultConfigurationIsVisible = 0;
			defaultConfigurationName = Release;
		};
		6003F5C2195388D20070C39A /* Build configuration list for PBXNativeTarget "Tests" */ = {
			isa = XCConfigurationList;
			buildConfigurations = (
				6003F5C4195388D20070C39A /* Release */,
				CB40ECE01AAA3A9400F01A37 /* Debug */,
			);
			defaultConfigurationIsVisible = 0;
			defaultConfigurationName = Release;
		};
/* End XCConfigurationList section */
	};
	rootObject = 6003F582195388D10070C39A /* Project object */;
}
